{
  "version": 4,
  "terraform_version": "1.0.6",
  "serial": 58,
  "lineage": "0a21869c-a628-17d4-2f03-6ec0e467517f",
  "outputs": {
    "hostname": {
      "value": "wonderful-mud-091544303.azurestaticapps.net",
      "type": "string"
    },
    "staticsite_api_key": {
      "value": "1f4a919a876895003f4cf5d17b0f3f8d4a09a21b37ca660640775d70ae9d1d4d0-daca1ca7-e9da-4298-8f2d-a31141e9cf7400345152",
      "type": "string"
    }
  },
  "resources": [
    {
      "mode": "managed",
      "type": "azurerm_resource_group",
      "name": "test",
      "provider": "provider[\"registry.terraform.io/hashicorp/azurerm\"]",
      "instances": [
        {
          "schema_version": 0,
          "attributes": {
            "id": "/subscriptions/e5b88ba1-6e66-4465-9fe2-2d59087de303/resourceGroups/rg-staticapp-yy",
            "location": "westeurope",
            "name": "rg-staticapp-yy",
            "tags": {},
            "timeouts": null
          },
          "sensitive_attributes": [],
          "private": "eyJlMmJmYjczMC1lY2FhLTExZTYtOGY4OC0zNDM2M2JjN2M0YzAiOnsiY3JlYXRlIjo1NDAwMDAwMDAwMDAwLCJkZWxldGUiOjU0MDAwMDAwMDAwMDAsInJlYWQiOjMwMDAwMDAwMDAwMCwidXBkYXRlIjo1NDAwMDAwMDAwMDAwfX0="
        }
      ]
    },
    {
      "mode": "managed",
      "type": "azurerm_static_site",
      "name": "test",
      "provider": "provider[\"registry.terraform.io/hashicorp/azurerm\"]",
      "instances": [
        {
          "schema_version": 0,
          "attributes": {
            "api_key": "1f4a919a876895003f4cf5d17b0f3f8d4a09a21b37ca660640775d70ae9d1d4d0-daca1ca7-e9da-4298-8f2d-a31141e9cf7400345152",
            "default_host_name": "wonderful-mud-091544303.azurestaticapps.net",
            "id": "/subscriptions/e5b88ba1-6e66-4465-9fe2-2d59087de303/resourceGroups/rg-staticapp-yy/providers/Microsoft.Web/staticSites/staticapp-yy",
            "location": "westeurope",
            "name": "staticapp-yy",
            "resource_group_name": "rg-staticapp-yy",
            "sku_size": "Free",
            "sku_tier": "Free",
            "tags": {
              "owner": "yy"
            },
            "timeouts": null
          },
          "sensitive_attributes": [],
          "private": "eyJlMmJmYjczMC1lY2FhLTExZTYtOGY4OC0zNDM2M2JjN2M0YzAiOnsiY3JlYXRlIjoxODAwMDAwMDAwMDAwLCJkZWxldGUiOjE4MDAwMDAwMDAwMDAsInJlYWQiOjMwMDAwMDAwMDAwMCwidXBkYXRlIjoxODAwMDAwMDAwMDAwfX0=",
          "dependencies": [
            "azurerm_resource_group.test"
          ]
        }
      ]
    },
    {
      "mode": "managed",
      "type": "github_actions_secret",
      "name": "api_key",
      "provider": "provider[\"registry.terraform.io/hashicorp/github\"]",
      "instances": [
        {
          "schema_version": 0,
          "attributes": {
            "created_at": "2021-10-20 09:36:05 +0000 UTC",
            "encrypted_value": "",
            "id": "static-web-app:AZURE_STATIC_WEB_APPS_API_TOKEN",
            "plaintext_value": "1f4a919a876895003f4cf5d17b0f3f8d4a09a21b37ca660640775d70ae9d1d4d0-daca1ca7-e9da-4298-8f2d-a31141e9cf7400345152",
            "repository": "static-web-app",
            "secret_name": "AZURE_STATIC_WEB_APPS_API_TOKEN",
            "updated_at": "2021-10-20 09:36:05 +0000 UTC"
          },
          "sensitive_attributes": [],
          "private": "bnVsbA==",
          "dependencies": [
            "azurerm_resource_group.test",
            "azurerm_static_site.test",
            "github_repository.staticwebapp"
          ]
        }
      ]
    },
    {
      "mode": "managed",
      "type": "github_repository",
      "name": "staticwebapp",
      "provider": "provider[\"registry.terraform.io/hashicorp/github\"]",
      "instances": [
        {
          "schema_version": 0,
          "attributes": {
            "allow_auto_merge": false,
            "allow_merge_commit": true,
            "allow_rebase_merge": true,
            "allow_squash_merge": true,
            "archive_on_destroy": null,
            "archived": false,
            "auto_init": true,
            "default_branch": "main",
            "delete_branch_on_merge": false,
            "description": "terraform codebase",
            "etag": "W/\"1d8933ea7c22eeebc556a0ca870c65b3b97384317ec2dabbb579165198941375\"",
            "full_name": "yaroslav-ddt/static-web-app",
            "git_clone_url": "git://github.com/yaroslav-ddt/static-web-app.git",
            "gitignore_template": null,
            "has_downloads": false,
            "has_issues": false,
            "has_projects": false,
            "has_wiki": false,
            "homepage_url": "",
            "html_url": "https://github.com/yaroslav-ddt/static-web-app",
            "http_clone_url": "https://github.com/yaroslav-ddt/static-web-app.git",
            "id": "static-web-app",
            "is_template": false,
            "license_template": null,
            "name": "static-web-app",
            "node_id": "R_kgDOGPjyNQ",
            "pages": [],
            "private": false,
            "repo_id": 418968117,
            "ssh_clone_url": "git@github.com:yaroslav-ddt/static-web-app.git",
            "svn_url": "https://github.com/yaroslav-ddt/static-web-app",
            "template": [],
            "topics": [],
            "visibility": "public",
            "vulnerability_alerts": false
          },
          "sensitive_attributes": [],
          "private": "bnVsbA=="
        }
      ]
    },
    {
      "mode": "managed",
      "type": "github_repository_file",
      "name": "workflow",
      "provider": "provider[\"registry.terraform.io/hashicorp/github\"]",
      "instances": [
        {
          "schema_version": 0,
          "attributes": {
            "branch": "main",
            "commit_author": "yaroslav-ddt",
            "commit_email": "88374855+yaroslav-ddt@users.noreply.github.com",
            "commit_message": "Update .github/workflows/azure-static-web-app.yml",
            "commit_sha": "8ae3def368c5c553eba447e0ece2bd87c45b8da0",
            "content": "name: Azure Static Web Apps CI/CD\r\n\r\non:\r\n  push:\r\n    branches:\r\n      - main\r\n  pull_request:\r\n    types: [opened, synchronize, reopened, closed]\r\n    branches:\r\n      - main\r\n\r\njobs:\r\n  build_and_deploy_job:\r\n    if: github.event_name == 'push' || (github.event_name == 'pull_request' \u0026\u0026 github.event.action != 'closed')\r\n    runs-on: ubuntu-latest\r\n    name: Build and Deploy Job\r\n    steps:\r\n      - uses: actions/checkout@v2\r\n        with:\r\n          submodules: true\r\n      - name: Build And Deploy\r\n        id: builddeploy\r\n        uses: Azure/static-web-apps-deploy@v1\r\n        with:\r\n          azure_static_web_apps_api_token: ${{ secrets.AZURE_STATIC_WEB_APPS_API_TOKEN }}\r\n          repo_token: ${{ secrets.GITHUB_TOKEN }} # Used for Github integrations (i.e. PR comments)\r\n          action: \"upload\"\r\n          ###### Repository/Build Configurations - These values can be configured to match you app requirements. ######\r\n          # For more information regarding Static Web App workflow configurations, please visit: https://aka.ms/swaworkflowconfig\r\n          app_location: \"src\" # App source code path\r\n          api_location: \"api\" # Api source code path - optional\r\n          output_location: \".github/workflows\" # Built app content directory - optional\r\n          ###### End of Repository/Build Configurations ######\r\n\r\n  close_pull_request_job:\r\n    if: github.event_name == 'pull_request' \u0026\u0026 github.event.action == 'closed'\r\n    runs-on: ubuntu-latest\r\n    name: Close Pull Request Job\r\n    steps:\r\n      - name: Close Pull Request\r\n        id: closepullrequest\r\n        uses: Azure/static-web-apps-deploy@v1\r\n        with:\r\n          azure_static_web_apps_api_token: ${{ secrets.AZURE_STATIC_WEB_APPS_API_TOKEN }}\r\n          action: \"close\"",
            "file": ".github/workflows/azure-static-web-app.yml",
            "id": "static-web-app/.github/workflows/azure-static-web-app.yml",
            "overwrite_on_create": true,
            "repository": "static-web-app",
            "sha": "b241c5d0c5f7db29ca8b4472f5a2338bcbe70d04"
          },
          "sensitive_attributes": [],
          "private": "bnVsbA==",
          "dependencies": [
            "github_repository.staticwebapp"
          ]
        }
      ]
    }
  ]
}
